
Microsoft Visual Studio Solution File, Format Version 12.00
# Visual Studio 15
VisualStudioVersion = 15.0.26430.4
MinimumVisualStudioVersion = 10.0.40219.1
Project("{FAE04EC0-301F-11D3-BF4B-00C04F79EFBC}") = "Amanatak", "Amanatak\Amanatak.csproj", "{0B53D0E1-A1B2-490B-B8C2-0A68FCC422F2}"
EndProject
Project("{FAE04EC0-301F-11D3-BF4B-00C04F79EFBC}") = "AmanatakBLL", "AmanatakBLL\AmanatakBLL.csproj", "{EF769FE2-C4AE-4097-9D54-BE1240ACA204}"
EndProject
Global
	GlobalSection(SolutionConfigurationPlatforms) = preSolution
		Debug|Any CPU = Debug|Any CPU
		Release|Any CPU = Release|Any CPU
	EndGlobalSection
	GlobalSection(ProjectConfigurationPlatforms) = postSolution
		{0B53D0E1-A1B2-490B-B8C2-0A68FCC422F2}.Debug|Any CPU.ActiveCfg = Debug|Any CPU
		{0B53D0E1-A1B2-490B-B8C2-0A68FCC422F2}.Debug|Any CPU.Build.0 = Debug|Any CPU
		{0B53D0E1-A1B2-490B-B8C2-0A68FCC422F2}.Release|Any CPU.ActiveCfg = Release|Any CPU
		{0B53D0E1-A1B2-490B-B8C2-0A68FCC422F2}.Release|Any CPU.Build.0 = Release|Any CPU
		{EF769FE2-C4AE-4097-9D54-BE1240ACA204}.Debug|Any CPU.ActiveCfg = Debug|Any CPU
		{EF769FE2-C4AE-4097-9D54-BE1240ACA204}.Debug|Any CPU.Build.0 = Debug|Any CPU
		{EF769FE2-C4AE-4097-9D54-BE1240ACA204}.Release|Any CPU.ActiveCfg = Release|Any CPU
		{EF769FE2-C4AE-4097-9D54-BE1240ACA204}.Release|Any CPU.Build.0 = Release|Any CPU
	EndGlobalSection
	GlobalSection(SolutionProperties) = preSolution
		HideSolutionNode = FALSE
	EndGlobalSection
EndGlobal
